// !$*UTF8*$!
{
	archiveVersion = 1;
	classes = {
	};
	objectVersion = 46;
	objects = {

/* Begin PBXBuildFile section */
		9362F3C41E14F67100842C29 /* main.m in Sources */ = {isa = PBXBuildFile; fileRef = 9362F3C31E14F67100842C29 /* main.m */; };
		9362F3C71E14F67100842C29 /* AppDelegate.m in Sources */ = {isa = PBXBuildFile; fileRef = 9362F3C61E14F67100842C29 /* AppDelegate.m */; };
		9362F3CD1E14F67100842C29 /* Main.storyboard in Resources */ = {isa = PBXBuildFile; fileRef = 9362F3CB1E14F67100842C29 /* Main.storyboard */; };
		9362F3CF1E14F67100842C29 /* Assets.xcassets in Resources */ = {isa = PBXBuildFile; fileRef = 9362F3CE1E14F67100842C29 /* Assets.xcassets */; };
		9362F3D21E14F67100842C29 /* LaunchScreen.storyboard in Resources */ = {isa = PBXBuildFile; fileRef = 9362F3D01E14F67100842C29 /* LaunchScreen.storyboard */; };
		9362F3DD1E14F69400842C29 /* TelnetHostsViewController.m in Sources */ = {isa = PBXBuildFile; fileRef = 9362F3DA1E14F69400842C29 /* TelnetHostsViewController.m */; };
		9362F3DE1E14F69400842C29 /* TelnetViewController.m in Sources */ = {isa = PBXBuildFile; fileRef = 9362F3DC1E14F69400842C29 /* TelnetViewController.m */; };
		9362F3E31E14F6D400842C29 /* TelnetClient.m in Sources */ = {isa = PBXBuildFile; fileRef = 9362F3E21E14F6D400842C29 /* TelnetClient.m */; };
		9362F3EB1E14F75700842C29 /* HostsDataSource.m in Sources */ = {isa = PBXBuildFile; fileRef = 9362F3EA1E14F75700842C29 /* HostsDataSource.m */; };
		E753D2931E1B54F30096FBD7 /* README.md in Sources */ = {isa = PBXBuildFile; fileRef = E753D2921E1B54F30096FBD7 /* README.md */; };
		E753D2951E1B5AA20096FBD7 /* libtelnet.a in Frameworks */ = {isa = PBXBuildFile; fileRef = E753D2941E1B5AA20096FBD7 /* libtelnet.a */; };
/* End PBXBuildFile section */

/* Begin PBXFileReference section */
		9362F3BF1E14F67100842C29 /* Telnet.app */ = {isa = PBXFileReference; explicitFileType = wrapper.application; includeInIndex = 0; path = Telnet.app; sourceTree = BUILT_PRODUCTS_DIR; };
		9362F3C31E14F67100842C29 /* main.m */ = {isa = PBXFileReference; lastKnownFileType = sourcecode.c.objc; path = main.m; sourceTree = "<group>"; };
		9362F3C51E14F67100842C29 /* AppDelegate.h */ = {isa = PBXFileReference; lastKnownFileType = sourcecode.c.h; path = AppDelegate.h; sourceTree = "<group>"; };
		9362F3C61E14F67100842C29 /* AppDelegate.m */ = {isa = PBXFileReference; lastKnownFileType = sourcecode.c.objc; path = AppDelegate.m; sourceTree = "<group>"; };
		9362F3CC1E14F67100842C29 /* Base */ = {isa = PBXFileReference; lastKnownFileType = file.storyboard; name = Base; path = Base.lproj/Main.storyboard; sourceTree = "<group>"; };
		9362F3CE1E14F67100842C29 /* Assets.xcassets */ = {isa = PBXFileReference; lastKnownFileType = folder.assetcatalog; path = Assets.xcassets; sourceTree = "<group>"; };
		9362F3D11E14F67100842C29 /* Base */ = {isa = PBXFileReference; lastKnownFileType = file.storyboard; name = Base; path = Base.lproj/LaunchScreen.storyboard; sourceTree = "<group>"; };
		9362F3D31E14F67100842C29 /* Info.plist */ = {isa = PBXFileReference; lastKnownFileType = text.plist.xml; path = Info.plist; sourceTree = "<group>"; };
		9362F3D91E14F69400842C29 /* TelnetHostsViewController.h */ = {isa = PBXFileReference; fileEncoding = 4; lastKnownFileType = sourcecode.c.h; path = TelnetHostsViewController.h; sourceTree = "<group>"; };
		9362F3DA1E14F69400842C29 /* TelnetHostsViewController.m */ = {isa = PBXFileReference; fileEncoding = 4; lastKnownFileType = sourcecode.c.objc; path = TelnetHostsViewController.m; sourceTree = "<group>"; };
		9362F3DB1E14F69400842C29 /* TelnetViewController.h */ = {isa = PBXFileReference; fileEncoding = 4; lastKnownFileType = sourcecode.c.h; path = TelnetViewController.h; sourceTree = "<group>"; };
		9362F3DC1E14F69400842C29 /* TelnetViewController.m */ = {isa = PBXFileReference; fileEncoding = 4; lastKnownFileType = sourcecode.c.objc; path = TelnetViewController.m; sourceTree = "<group>"; };
		9362F3E11E14F6D400842C29 /* TelnetClient.h */ = {isa = PBXFileReference; fileEncoding = 4; lastKnownFileType = sourcecode.c.h; path = TelnetClient.h; sourceTree = "<group>"; };
		9362F3E21E14F6D400842C29 /* TelnetClient.m */ = {isa = PBXFileReference; fileEncoding = 4; lastKnownFileType = sourcecode.c.objc; path = TelnetClient.m; sourceTree = "<group>"; };
		9362F3E61E14F6FA00842C29 /* libtelnet.h */ = {isa = PBXFileReference; fileEncoding = 4; lastKnownFileType = sourcecode.c.h; path = libtelnet.h; sourceTree = "<group>"; };
		9362F3E91E14F75700842C29 /* HostsDataSource.h */ = {isa = PBXFileReference; fileEncoding = 4; lastKnownFileType = sourcecode.c.h; path = HostsDataSource.h; sourceTree = "<group>"; };
		9362F3EA1E14F75700842C29 /* HostsDataSource.m */ = {isa = PBXFileReference; fileEncoding = 4; lastKnownFileType = sourcecode.c.objc; path = HostsDataSource.m; sourceTree = "<group>"; };
		E753D2921E1B54F30096FBD7 /* README.md */ = {isa = PBXFileReference; fileEncoding = 4; lastKnownFileType = net.daringfireball.markdown; path = README.md; sourceTree = "<group>"; };
		E753D2941E1B5AA20096FBD7 /* libtelnet.a */ = {isa = PBXFileReference; lastKnownFileType = archive.ar; path = libtelnet.a; sourceTree = "<group>"; };
/* End PBXFileReference section */

/* Begin PBXFrameworksBuildPhase section */
		9362F3BC1E14F67100842C29 /* Frameworks */ = {
			isa = PBXFrameworksBuildPhase;
			buildActionMask = 2147483647;
			files = (
				E753D2951E1B5AA20096FBD7 /* libtelnet.a in Frameworks */,
			);
			runOnlyForDeploymentPostprocessing = 0;
		};
/* End PBXFrameworksBuildPhase section */

/* Begin PBXGroup section */
		9362F3B61E14F67100842C29 = {
			isa = PBXGroup;
			children = (
				E753D2921E1B54F30096FBD7 /* README.md */,
				9362F3C11E14F67100842C29 /* Telnet */,
				9362F3C01E14F67100842C29 /* Products */,
			);
			sourceTree = "<group>";
		};
		9362F3C01E14F67100842C29 /* Products */ = {
			isa = PBXGroup;
			children = (
				9362F3BF1E14F67100842C29 /* Telnet.app */,
			);
			name = Products;
			sourceTree = "<group>";
		};
		9362F3C11E14F67100842C29 /* Telnet */ = {
			isa = PBXGroup;
			children = (
				9362F3E81E14F74A00842C29 /* Model */,
				9362F3E41E14F6FA00842C29 /* libtelnet */,
				9362F3E01E14F6BA00842C29 /* Networks */,
				9362F3DF1E14F69B00842C29 /* VCs */,
				9362F3C51E14F67100842C29 /* AppDelegate.h */,
				9362F3C61E14F67100842C29 /* AppDelegate.m */,
				9362F3CB1E14F67100842C29 /* Main.storyboard */,
				9362F3CE1E14F67100842C29 /* Assets.xcassets */,
				9362F3D01E14F67100842C29 /* LaunchScreen.storyboard */,
				9362F3D31E14F67100842C29 /* Info.plist */,
				9362F3C21E14F67100842C29 /* Supporting Files */,
			);
			path = Telnet;
			sourceTree = "<group>";
		};
		9362F3C21E14F67100842C29 /* Supporting Files */ = {
			isa = PBXGroup;
			children = (
				9362F3C31E14F67100842C29 /* main.m */,
			);
			name = "Supporting Files";
			sourceTree = "<group>";
		};
		9362F3DF1E14F69B00842C29 /* VCs */ = {
			isa = PBXGroup;
			children = (
				9362F3D91E14F69400842C29 /* TelnetHostsViewController.h */,
				9362F3DA1E14F69400842C29 /* TelnetHostsViewController.m */,
				9362F3DB1E14F69400842C29 /* TelnetViewController.h */,
				9362F3DC1E14F69400842C29 /* TelnetViewController.m */,
			);
			name = VCs;
			sourceTree = "<group>";
		};
		9362F3E01E14F6BA00842C29 /* Networks */ = {
			isa = PBXGroup;
			children = (
				9362F3E11E14F6D400842C29 /* TelnetClient.h */,
				9362F3E21E14F6D400842C29 /* TelnetClient.m */,
			);
			name = Networks;
			sourceTree = "<group>";
		};
		9362F3E41E14F6FA00842C29 /* libtelnet */ = {
			isa = PBXGroup;
			children = (
				E753D2941E1B5AA20096FBD7 /* libtelnet.a */,
				9362F3E61E14F6FA00842C29 /* libtelnet.h */,
			);
			path = libtelnet;
			sourceTree = "<group>";
		};
		9362F3E81E14F74A00842C29 /* Model */ = {
			isa = PBXGroup;
			children = (
				9362F3E91E14F75700842C29 /* HostsDataSource.h */,
				9362F3EA1E14F75700842C29 /* HostsDataSource.m */,
			);
			name = Model;
			sourceTree = "<group>";
		};
/* End PBXGroup section */

/* Begin PBXNativeTarget section */
		9362F3BE1E14F67100842C29 /* Telnet */ = {
			isa = PBXNativeTarget;
			buildConfigurationList = 9362F3D61E14F67100842C29 /* Build configuration list for PBXNativeTarget "Telnet" */;
			buildPhases = (
				9362F3BB1E14F67100842C29 /* Sources */,
				9362F3BC1E14F67100842C29 /* Frameworks */,
				9362F3BD1E14F67100842C29 /* Resources */,
			);
			buildRules = (
			);
			dependencies = (
			);
			name = Telnet;
			productName = Telnet;
			productReference = 9362F3BF1E14F67100842C29 /* Telnet.app */;
			productType = "com.apple.product-type.application";
		};
/* End PBXNativeTarget section */

/* Begin PBXProject section */
		9362F3B71E14F67100842C29 /* Project object */ = {
			isa = PBXProject;
			attributes = {
				LastUpgradeCheck = 0730;
				ORGANIZATIONNAME = "Bryan Yuan";
				TargetAttributes = {
					9362F3BE1E14F67100842C29 = {
						CreatedOnToolsVersion = 7.3.1;
						DevelopmentTeam = TXFZ2B7RF4;
					};
				};
			};
			buildConfigurationList = 9362F3BA1E14F67100842C29 /* Build configuration list for PBXProject "Telnet" */;
			compatibilityVersion = "Xcode 3.2";
			developmentRegion = English;
			hasScannedForEncodings = 0;
			knownRegions = (
				en,
				Base,
			);
			mainGroup = 9362F3B61E14F67100842C29;
			productRefGroup = 9362F3C01E14F67100842C29 /* Products */;
			projectDirPath = "";
			projectRoot = "";
			targets = (
				9362F3BE1E14F67100842C29 /* Telnet */,
			);
		};
/* End PBXProject section */

/* Begin PBXResourcesBuildPhase section */
		9362F3BD1E14F67100842C29 /* Resources */ = {
			isa = PBXResourcesBuildPhase;
			buildActionMask = 2147483647;
			files = (
				9362F3D21E14F67100842C29 /* LaunchScreen.storyboard in Resources */,
				9362F3CF1E14F67100842C29 /* Assets.xcassets in Resources */,
				9362F3CD1E14F67100842C29 /* Main.storyboard in Resources */,
			);
			runOnlyForDeploymentPostprocessing = 0;
		};
/* End PBXResourcesBuildPhase section */

/* Begin PBXSourcesBuildPhase section */
		9362F3BB1E14F67100842C29 /* Sources */ = {
			isa = PBXSourcesBuildPhase;
			buildActionMask = 2147483647;
			files = (
				9362F3E31E14F6D400842C29 /* TelnetClient.m in Sources */,
				9362F3DE1E14F69400842C29 /* TelnetViewController.m in Sources */,
				9362F3C71E14F67100842C29 /* AppDelegate.m in Sources */,
				E753D2931E1B54F30096FBD7 /* README.md in Sources */,
				9362F3DD1E14F69400842C29 /* TelnetHostsViewController.m in Sources */,
				9362F3C41E14F67100842C29 /* main.m in Sources */,
				9362F3EB1E14F75700842C29 /* HostsDataSource.m in Sources */,
			);
			runOnlyForDeploymentPostprocessing = 0;
		};
/* End PBXSourcesBuildPhase section */

/* Begin PBXVariantGroup section */
		9362F3CB1E14F67100842C29 /* Main.storyboard */ = {
			isa = PBXVariantGroup;
			children = (
				9362F3CC1E14F67100842C29 /* Base */,
			);
			name = Main.storyboard;
			sourceTree = "<group>";
		};
		9362F3D01E14F67100842C29 /* LaunchScreen.storyboard */ = {
			isa = PBXVariantGroup;
			children = (
				9362F3D11E14F67100842C29 /* Base */,
			);
			name = LaunchScreen.storyboard;
			sourceTree = "<group>";
		};
/* End PBXVariantGroup section */

/* Begin XCBuildConfiguration section */
		9362F3D41E14F67100842C29 /* Debug */ = {
			isa = XCBuildConfiguration;
			buildSettings = {
				ALWAYS_SEARCH_USER_PATHS = NO;
				CLANG_ANALYZER_NONNULL = YES;
				CLANG_CXX_LANGUAGE_STANDARD = "gnu++0x";
				CLANG_CXX_LIBRARY = "libc++";
				CLANG_ENABLE_MODULES = YES;
				CLANG_ENABLE_OBJC_ARC = YES;
				CLANG_WARN_BOOL_CONVERSION = YES;
				CLANG_WARN_CONSTANT_CONVERSION = YES;
				CLANG_WARN_DIRECT_OBJC_ISA_USAGE = YES_ERROR;
				CLANG_WARN_EMPTY_BODY = YES;
				CLANG_WARN_ENUM_CONVERSION = YES;
				CLANG_WARN_INT_CONVERSION = YES;
				CLANG_WARN_OBJC_ROOT_CLASS = YES_ERROR;
				CLANG_WARN_UNREACHABLE_CODE = YES;
				CLANG_WARN__DUPLICATE_METHOD_MATCH = YES;
				"CODE_SIGN_IDENTITY[sdk=iphoneos*]" = "iPhone Developer";
				COPY_PHASE_STRIP = NO;
				DEBUG_INFORMATION_FORMAT = dwarf;
				ENABLE_STRICT_OBJC_MSGSEND = YES;
				ENABLE_TESTABILITY = YES;
				GCC_C_LANGUAGE_STANDARD = gnu99;
				GCC_DYNAMIC_NO_PIC = NO;
				GCC_NO_COMMON_BLOCKS = YES;
				GCC_OPTIMIZATION_LEVEL = 0;
				GCC_PREPROCESSOR_DEFINITIONS = (
					"DEBUG=1",
					"$(inherited)",
				);
				GCC_WARN_64_TO_32_BIT_CONVERSION = YES;
				GCC_WARN_ABOUT_RETURN_TYPE = YES_ERROR;
				GCC_WARN_UNDECLARED_SELECTOR = YES;
				GCC_WARN_UNINITIALIZED_AUTOS = YES_AGGRESSIVE;
				GCC_WARN_UNUSED_FUNCTION = YES;
				GCC_WARN_UNUSED_VARIABLE = YES;
				IPHONEOS_DEPLOYMENT_TARGET = 9.3;
				MTL_ENABLE_DEBUG_INFO = YES;
				ONLY_ACTIVE_ARCH = YES;
				SDKROOT = iphoneos;
				TARGETED_DEVICE_FAMILY = "1,2";
			};
			name = Debug;
		};
		9362F3D51E14F67100842C29 /* Release */ = {
			isa = XCBuildConfiguration;
			buildSettings = {
				ALWAYS_SEARCH_USER_PATHS = NO;
				CLANG_ANALYZER_NONNULL = YES;
				CLANG_CXX_LANGUAGE_STANDARD = "gnu++0x";
				CLANG_CXX_LIBRARY = "libc++";
				CLANG_ENABLE_MODULES = YES;
				CLANG_ENABLE_OBJC_ARC = YES;
				CLANG_WARN_BOOL_CONVERSION = YES;
				CLANG_WARN_CONSTANT_CONVERSION = YES;
				CLANG_WARN_DIRECT_OBJC_ISA_USAGE = YES_ERROR;
				CLANG_WARN_EMPTY_BODY = YES;
				CLANG_WARN_ENUM_CONVERSION = YES;
				CLANG_WARN_INT_CONVERSION = YES;
				CLANG_WARN_OBJC_ROOT_CLASS = YES_ERROR;
				CLANG_WARN_UNREACHABLE_CODE = YES;
				CLANG_WARN__DUPLICATE_METHOD_MATCH = YES;
				"CODE_SIGN_IDENTITY[sdk=iphoneos*]" = "iPhone Developer";
				COPY_PHASE_STRIP = NO;
				DEBUG_INFORMATION_FORMAT = "dwarf-with-dsym";
				ENABLE_NS_ASSERTIONS = NO;
				ENABLE_STRICT_OBJC_MSGSEND = YES;
				GCC_C_LANGUAGE_STANDARD = gnu99;
				GCC_NO_COMMON_BLOCKS = YES;
				GCC_WARN_64_TO_32_BIT_CONVERSION = YES;
				GCC_WARN_ABOUT_RETURN_TYPE = YES_ERROR;
				GCC_WARN_UNDECLARED_SELECTOR = YES;
				GCC_WARN_UNINITIALIZED_AUTOS = YES_AGGRESSIVE;
				GCC_WARN_UNUSED_FUNCTION = YES;
				GCC_WARN_UNUSED_VARIABLE = YES;
				IPHONEOS_DEPLOYMENT_TARGET = 9.3;
				MTL_ENABLE_DEBUG_INFO = NO;
				SDKROOT = iphoneos;
				TARGETED_DEVICE_FAMILY = "1,2";
				VALIDATE_PRODUCT = YES;
			};
			name = Release;
		};
		9362F3D71E14F67100842C29 /* Debug */ = {
			isa = XCBuildConfiguration;
			buildSettings = {
				ASSETCATALOG_COMPILER_APPICON_NAME = AppIcon;
				DEVELOPMENT_TEAM = TXFZ2B7RF4;
				INFOPLIST_FILE = Telnet/Info.plist;
				IPHONEOS_DEPLOYMENT_TARGET = 9.0;
				LD_RUNPATH_SEARCH_PATHS = "$(inherited) @executable_path/Frameworks";
				LIBRARY_SEARCH_PATHS = (
					"$(inherited)",
					"$(PROJECT_DIR)/Telnet/libtelnet",
				);
				PRODUCT_BUNDLE_IDENTIFIER = cn.unicoal.Telnet;
				PRODUCT_NAME = "$(TARGET_NAME)";
			};
			name = Debug;
		};
		9362F3D81E14F67100842C29 /* Release */ = {
			isa = XCBuildConfiguration;
			buildSettings = {
				ASSETCATALOG_COMPILER_APPICON_NAME = AppIcon;
				DEVELOPMENT_TEAM = TXFZ2B7RF4;
				INFOPLIST_FILE = Telnet/Info.plist;
				IPHONEOS_DEPLOYMENT_TARGET = 9.0;
				LD_RUNPATH_SEARCH_PATHS = "$(inherited) @executable_path/Frameworks";
				LIBRARY_SEARCH_PATHS = (
					"$(inherited)",
					"$(PROJECT_DIR)/Telnet/libtelnet",
				);
				PRODUCT_BUNDLE_IDENTIFIER = cn.unicoal.Telnet;
				PRODUCT_NAME = "$(TARGET_NAME)";
			};
			name = Release;
		};
/* End XCBuildConfiguration section */

/* Begin XCConfigurationList section */
		9362F3BA1E14F67100842C29 /* Build configuration list for PBXProject "Telnet" */ = {
			isa = XCConfigurationList;
			buildConfigurations = (
				9362F3D41E14F67100842C29 /* Debug */,
				9362F3D51E14F67100842C29 /* Release */,
			);
			defaultConfigurationIsVisible = 0;
			defaultConfigurationName = Release;
		};
		9362F3D61E14F67100842C29 /* Build configuration list for PBXNativeTarget "Telnet" */ = {
			isa = XCConfigurationList;
			buildConfigurations = (
				9362F3D71E14F67100842C29 /* Debug */,
				9362F3D81E14F67100842C29 /* Release */,
			);
			defaultConfigurationIsVisible = 0;
			defaultConfigurationName = Release;
		};
/* End XCConfigurationList section */
	};
	rootObject = 9362F3B71E14F67100842C29 /* Project object */;
}
